// !$*UTF8*$!
{
	archiveVersion = 1;
	classes = {
	};
	objectVersion = 46;
	objects = {

/* Begin PBXBuildFile section */
		19003BA21E13A00700A6E112 /* AppDelegate.m in Sources */ = {isa = PBXBuildFile; fileRef = 19003BA11E13A00700A6E112 /* AppDelegate.m */; };
		19003BA51E13A00700A6E112 /* main.m in Sources */ = {isa = PBXBuildFile; fileRef = 19003BA41E13A00700A6E112 /* main.m */; };
		19003BA71E13A00700A6E112 /* Assets.xcassets in Resources */ = {isa = PBXBuildFile; fileRef = 19003BA61E13A00700A6E112 /* Assets.xcassets */; };
		19003BAA1E13A00700A6E112 /* MainMenu.xib in Resources */ = {isa = PBXBuildFile; fileRef = 19003BA81E13A00700A6E112 /* MainMenu.xib */; };
/* End PBXBuildFile section */

/* Begin PBXFileReference section */
		19003B9D1E13A00700A6E112 /* ForceRest.app */ = {isa = PBXFileReference; explicitFileType = wrapper.application; includeInIndex = 0; path = ForceRest.app; sourceTree = BUILT_PRODUCTS_DIR; };
		19003BA01E13A00700A6E112 /* AppDelegate.h */ = {isa = PBXFileReference; lastKnownFileType = sourcecode.c.h; path = AppDelegate.h; sourceTree = "<group>"; };
		19003BA11E13A00700A6E112 /* AppDelegate.m */ = {isa = PBXFileReference; lastKnownFileType = sourcecode.c.objc; path = AppDelegate.m; sourceTree = "<group>"; };
		19003BA41E13A00700A6E112 /* main.m */ = {isa = PBXFileReference; lastKnownFileType = sourcecode.c.objc; path = main.m; sourceTree = "<group>"; };
		19003BA61E13A00700A6E112 /* Assets.xcassets */ = {isa = PBXFileReference; lastKnownFileType = folder.assetcatalog; path = Assets.xcassets; sourceTree = "<group>"; };
		19003BA91E13A00700A6E112 /* Base */ = {isa = PBXFileReference; lastKnownFileType = file.xib; name = Base; path = Base.lproj/MainMenu.xib; sourceTree = "<group>"; };
		19003BAB1E13A00700A6E112 /* Info.plist */ = {isa = PBXFileReference; lastKnownFileType = text.plist.xml; path = Info.plist; sourceTree = "<group>"; };
/* End PBXFileReference section */

/* Begin PBXFrameworksBuildPhase section */
		19003B9A1E13A00700A6E112 /* Frameworks */ = {
			isa = PBXFrameworksBuildPhase;
			buildActionMask = 2147483647;
			files = (
			);
			runOnlyForDeploymentPostprocessing = 0;
		};
/* End PBXFrameworksBuildPhase section */

/* Begin PBXGroup section */
		19003B941E13A00700A6E112 = {
			isa = PBXGroup;
			children = (
				19003B9F1E13A00700A6E112 /* ForceRest */,
				19003B9E1E13A00700A6E112 /* Products */,
			);
			sourceTree = "<group>";
		};
		19003B9E1E13A00700A6E112 /* Products */ = {
			isa = PBXGroup;
			children = (
				19003B9D1E13A00700A6E112 /* ForceRest.app */,
			);
			name = Products;
			sourceTree = "<group>";
		};
		19003B9F1E13A00700A6E112 /* ForceRest */ = {
			isa = PBXGroup;
			children = (
				19003BA01E13A00700A6E112 /* AppDelegate.h */,
				19003BA11E13A00700A6E112 /* AppDelegate.m */,
				19003BA61E13A00700A6E112 /* Assets.xcassets */,
				19003BA81E13A00700A6E112 /* MainMenu.xib */,
				19003BAB1E13A00700A6E112 /* Info.plist */,
				19003BA31E13A00700A6E112 /* Supporting Files */,
			);
			path = ForceRest;
			sourceTree = "<group>";
		};
		19003BA31E13A00700A6E112 /* Supporting Files */ = {
			isa = PBXGroup;
			children = (
				19003BA41E13A00700A6E112 /* main.m */,
			);
			name = "Supporting Files";
			sourceTree = "<group>";
		};
/* End PBXGroup section */

/* Begin PBXNativeTarget section */
		19003B9C1E13A00700A6E112 /* ForceRest */ = {
			isa = PBXNativeTarget;
			buildConfigurationList = 19003BAE1E13A00700A6E112 /* Build configuration list for PBXNativeTarget "ForceRest" */;
			buildPhases = (
				19003B991E13A00700A6E112 /* Sources */,
				19003B9A1E13A00700A6E112 /* Frameworks */,
				19003B9B1E13A00700A6E112 /* Resources */,
			);
			buildRules = (
			);
			dependencies = (
			);
			name = ForceRest;
			productName = ForceRest;
			productReference = 19003B9D1E13A00700A6E112 /* ForceRest.app */;
			productType = "com.apple.product-type.application";
		};
/* End PBXNativeTarget section */

/* Begin PBXProject section */
		19003B951E13A00700A6E112 /* Project object */ = {
			isa = PBXProject;
			attributes = {
				LastUpgradeCheck = 0800;
				ORGANIZATIONNAME = me.xiaoge;
				TargetAttributes = {
					19003B9C1E13A00700A6E112 = {
						CreatedOnToolsVersion = 8.0;
						ProvisioningStyle = Automatic;
					};
				};
			};
			buildConfigurationList = 19003B981E13A00700A6E112 /* Build configuration list for PBXProject "ForceRest" */;
			compatibilityVersion = "Xcode 3.2";
			developmentRegion = English;
			hasScannedForEncodings = 0;
			knownRegions = (
				en,
				Base,
			);
			mainGroup = 19003B941E13A00700A6E112;
			productRefGroup = 19003B9E1E13A00700A6E112 /* Products */;
			projectDirPath = "";
			projectRoot = "";
			targets = (
				19003B9C1E13A00700A6E112 /* ForceRest */,
			);
		};
/* End PBXProject section */

/* Begin PBXResourcesBuildPhase section */
		19003B9B1E13A00700A6E112 /* Resources */ = {
			isa = PBXResourcesBuildPhase;
			buildActionMask = 2147483647;
			files = (
				19003BA71E13A00700A6E112 /* Assets.xcassets in Resources */,
				19003BAA1E13A00700A6E112 /* MainMenu.xib in Resources */,
			);
			runOnlyForDeploymentPostprocessing = 0;
		};
/* End PBXResourcesBuildPhase section */

/* Begin PBXSourcesBuildPhase section */
		19003B991E13A00700A6E112 /* Sources */ = {
			isa = PBXSourcesBuildPhase;
			buildActionMask = 2147483647;
			files = (
				19003BA51E13A00700A6E112 /* main.m in Sources */,
				19003BA21E13A00700A6E112 /* AppDelegate.m in Sources */,
			);
			runOnlyForDeploymentPostprocessing = 0;
		};
/* End PBXSourcesBuildPhase section */

/* Begin PBXVariantGroup section */
		19003BA81E13A00700A6E112 /* MainMenu.xib */ = {
			isa = PBXVariantGroup;
			children = (
				19003BA91E13A00700A6E112 /* Base */,
			);
			name = MainMenu.xib;
			sourceTree = "<group>";
		};
/* End PBXVariantGroup section */

/* Begin XCBuildConfiguration section */
		19003BAC1E13A00700A6E112 /* Debug */ = {
			isa = XCBuildConfiguration;
			buildSettings = {
				ALWAYS_SEARCH_USER_PATHS = NO;
				CLANG_ANALYZER_NONNULL = YES;
				CLANG_CXX_LANGUAGE_STANDARD = "gnu++0x";
				CLANG_CXX_LIBRARY = "libc++";
				CLANG_ENABLE_MODULES = YES;
				CLANG_ENABLE_OBJC_ARC = YES;
				CLANG_WARN_BOOL_CONVERSION = YES;
				CLANG_WARN_CONSTANT_CONVERSION = YES;
				CLANG_WARN_DIRECT_OBJC_ISA_USAGE = YES_ERROR;
				CLANG_WARN_DOCUMENTATION_COMMENTS = YES;
				CLANG_WARN_EMPTY_BODY = YES;
				CLANG_WARN_ENUM_CONVERSION = YES;
				CLANG_WARN_INFINITE_RECURSION = YES;
				CLANG_WARN_INT_CONVERSION = YES;
				CLANG_WARN_OBJC_ROOT_CLASS = YES_ERROR;
				CLANG_WARN_SUSPICIOUS_MOVES = YES;
				CLANG_WARN_UNREACHABLE_CODE = YES;
				CLANG_WARN__DUPLICATE_METHOD_MATCH = YES;
				CODE_SIGN_IDENTITY = "-";
				COPY_PHASE_STRIP = NO;
				DEBUG_INFORMATION_FORMAT = dwarf;
				ENABLE_STRICT_OBJC_MSGSEND = YES;
				ENABLE_TESTABILITY = YES;
				GCC_C_LANGUAGE_STANDARD = gnu99;
				GCC_DYNAMIC_NO_PIC = NO;
				GCC_NO_COMMON_BLOCKS = YES;
				GCC_OPTIMIZATION_LEVEL = 0;
				GCC_PREPROCESSOR_DEFINITIONS = (
					"DEBUG=1",
					"$(inherited)",
				);
				GCC_WARN_64_TO_32_BIT_CONVERSION = YES;
				GCC_WARN_ABOUT_RETURN_TYPE = YES_ERROR;
				GCC_WARN_UNDECLARED_SELECTOR = YES;
				GCC_WARN_UNINITIALIZED_AUTOS = YES_AGGRESSIVE;
				GCC_WARN_UNUSED_FUNCTION = YES;
				GCC_WARN_UNUSED_VARIABLE = YES;
				MACOSX_DEPLOYMENT_TARGET = 10.11;
				MTL_ENABLE_DEBUG_INFO = YES;
				ONLY_ACTIVE_ARCH = YES;
				SDKROOT = macosx;
			};
			name = Debug;
		};
		19003BAD1E13A00700A6E112 /* Release */ = {
			isa = XCBuildConfiguration;
			buildSettings = {
				ALWAYS_SEARCH_USER_PATHS = NO;
				CLANG_ANALYZER_NONNULL = YES;
				CLANG_CXX_LANGUAGE_STANDARD = "gnu++0x";
				CLANG_CXX_LIBRARY = "libc++";
				CLANG_ENABLE_MODULES = YES;
				CLANG_ENABLE_OBJC_ARC = YES;
				CLANG_WARN_BOOL_CONVERSION = YES;
				CLANG_WARN_CONSTANT_CONVERSION = YES;
				CLANG_WARN_DIRECT_OBJC_ISA_USAGE = YES_ERROR;
				CLANG_WARN_DOCUMENTATION_COMMENTS = YES;
				CLANG_WARN_EMPTY_BODY = YES;
				CLANG_WARN_ENUM_CONVERSION = YES;
				CLANG_WARN_INFINITE_RECURSION = YES;
				CLANG_WARN_INT_CONVERSION = YES;
				CLANG_WARN_OBJC_ROOT_CLASS = YES_ERROR;
				CLANG_WARN_SUSPICIOUS_MOVES = YES;
				CLANG_WARN_UNREACHABLE_CODE = YES;
				CLANG_WARN__DUPLICATE_METHOD_MATCH = YES;
				CODE_SIGN_IDENTITY = "-";
				COPY_PHASE_STRIP = NO;
				DEBUG_INFORMATION_FORMAT = "dwarf-with-dsym";
				ENABLE_NS_ASSERTIONS = NO;
				ENABLE_STRICT_OBJC_MSGSEND = YES;
				GCC_C_LANGUAGE_STANDARD = gnu99;
				GCC_NO_COMMON_BLOCKS = YES;
				GCC_WARN_64_TO_32_BIT_CONVERSION = YES;
				GCC_WARN_ABOUT_RETURN_TYPE = YES_ERROR;
				GCC_WARN_UNDECLARED_SELECTOR = YES;
				GCC_WARN_UNINITIALIZED_AUTOS = YES_AGGRESSIVE;
				GCC_WARN_UNUSED_FUNCTION = YES;
				GCC_WARN_UNUSED_VARIABLE = YES;
				MACOSX_DEPLOYMENT_TARGET = 10.11;
				MTL_ENABLE_DEBUG_INFO = NO;
				SDKROOT = macosx;
			};
			name = Release;
		};
		19003BAF1E13A00700A6E112 /* Debug */ = {
			isa = XCBuildConfiguration;
			buildSettings = {
				ASSETCATALOG_COMPILER_APPICON_NAME = AppIcon;
				COMBINE_HIDPI_IMAGES = YES;
				INFOPLIST_FILE = ForceRest/Info.plist;
				LD_RUNPATH_SEARCH_PATHS = "$(inherited) @executable_path/../Frameworks";
				PRODUCT_BUNDLE_IDENTIFIER = me.xiaoge.ForceRest;
				PRODUCT_NAME = "$(TARGET_NAME)";
			};
			name = Debug;
		};
		19003BB01E13A00700A6E112 /* Release */ = {
			isa = XCBuildConfiguration;
			buildSettings = {
				ASSETCATALOG_COMPILER_APPICON_NAME = AppIcon;
				COMBINE_HIDPI_IMAGES = YES;
				INFOPLIST_FILE = ForceRest/Info.plist;
				LD_RUNPATH_SEARCH_PATHS = "$(inherited) @executable_path/../Frameworks";
				PRODUCT_BUNDLE_IDENTIFIER = me.xiaoge.ForceRest;
				PRODUCT_NAME = "$(TARGET_NAME)";
			};
			name = Release;
		};
/* End XCBuildConfiguration section */

/* Begin XCConfigurationList section */
		19003B981E13A00700A6E112 /* Build configuration list for PBXProject "ForceRest" */ = {
			isa = XCConfigurationList;
			buildConfigurations = (
				19003BAC1E13A00700A6E112 /* Debug */,
				19003BAD1E13A00700A6E112 /* Release */,
			);
			defaultConfigurationIsVisible = 0;
			defaultConfigurationName = Release;
		};
		19003BAE1E13A00700A6E112 /* Build configuration list for PBXNativeTarget "ForceRest" */ = {
			isa = XCConfigurationList;
			buildConfigurations = (
				19003BAF1E13A00700A6E112 /* Debug */,
				19003BB01E13A00700A6E112 /* Release */,
			);
			defaultConfigurationIsVisible = 0;
		};
/* End XCConfigurationList section */
	};
	rootObject = 19003B951E13A00700A6E112 /* Project object */;
}
